{
  "version": "4",
  "specifiers": {
    "npm:@anthropic-ai/sdk@*": "0.36.3",
    "npm:@types/node@*": "22.5.4"
  },
  "npm": {
    "@anthropic-ai/sdk@0.36.3": {
      "integrity": "sha512-+c0mMLxL/17yFZ4P5+U6bTWiCSFZUKJddrv01ud2aFBWnTPLdRncYV76D3q1tqfnL7aCnhRtykFnoCFzvr4U3Q==",
      "dependencies": [
        "@types/node@18.19.68",
        "@types/node-fetch",
        "abort-controller",
        "agentkeepalive",
        "form-data-encoder",
        "formdata-node",
        "node-fetch"
      ]
    },
    "@types/node-fetch@2.6.12": {
      "integrity": "sha512-8nneRWKCg3rMtF69nLQJnOYUcbafYeFSjqkw3jCRLsqkWFlHaoQrr5mXmofFGOx3DKn7UfmBMyov8ySvLRVldA==",
      "dependencies": [
        "@types/node@22.5.4",
        "form-data"
      ]
    },
    "@types/node@18.19.68": {
      "integrity": "sha512-QGtpFH1vB99ZmTa63K4/FU8twThj4fuVSBkGddTp7uIL/cuoLWIUSL2RcOaigBhfR+hg5pgGkBnkoOxrTVBMKw==",
      "dependencies": [
        "undici-types@5.26.5"
      ]
    },
    "@types/node@22.5.4": {
      "integrity": "sha512-FDuKUJQm/ju9fT/SeX/6+gBzoPzlVCzfzmGkwKvRHQVxi4BntVbyIwf6a4Xn62mrvndLiml6z/UBXIdEVjQLXg==",
      "dependencies": [
        "undici-types@6.19.8"
      ]
    },
    "abort-controller@3.0.0": {
      "integrity": "sha512-h8lQ8tacZYnR3vNQTgibj+tODHI5/+l06Au2Pcriv/Gmet0eaj4TwWH41sO9wnHDiQsEj19q0drzdWdeAHtweg==",
      "dependencies": [
        "event-target-shim"
      ]
    },
    "agentkeepalive@4.6.0": {
      "integrity": "sha512-kja8j7PjmncONqaTsB8fQ+wE2mSU2DJ9D4XKoJ5PFWIdRMa6SLSN1ff4mOr4jCbfRSsxR4keIiySJU0N9T5hIQ==",
      "dependencies": [
        "humanize-ms"
      ]
    },
    "asynckit@0.4.0": {
      "integrity": "sha512-Oei9OH4tRh0YqU3GxhX79dM/mwVgvbZJaSNaRk+bshkj0S5cfHcgYakreBjrHwatXKbz+IoIdYLxrKim2MjW0Q=="
    },
    "call-bind-apply-helpers@1.0.2": {
      "integrity": "sha512-Sp1ablJ0ivDkSzjcaJdxEunN5/XvksFJ2sMBFfq6x0ryhQV/2b/KwFe21cMpmHtPOSij8K99/wSfoEuTObmuMQ==",
      "dependencies": [
        "es-errors",
        "function-bind"
      ]
    },
    "combined-stream@1.0.8": {
      "integrity": "sha512-FQN4MRfuJeHf7cBbBMJFXhKSDq+2kAArBlmRBvcvFE5BB1HZKXtSFASDhdlz9zOYwxh8lDdnvmMOe/+5cdoEdg==",
      "dependencies": [
        "delayed-stream"
      ]
    },
    "delayed-stream@1.0.0": {
      "integrity": "sha512-ZySD7Nf91aLB0RxL4KGrKHBXl7Eds1DAmEdcoVawXnLD7SDhpNgtuII2aAkg7a7QS41jxPSZ17p4VdGnMHk3MQ=="
    },
    "dunder-proto@1.0.1": {
      "integrity": "sha512-KIN/nDJBQRcXw0MLVhZE9iQHmG68qAVIBg9CqmUYjmQIhgij9U5MFvrqkUL5FbtyyzZuOeOt0zdeRe4UY7ct+A==",
      "dependencies": [
        "call-bind-apply-helpers",
        "es-errors",
        "gopd"
      ]
    },
    "es-define-property@1.0.1": {
      "integrity": "sha512-e3nRfgfUZ4rNGL232gUgX06QNyyez04KdjFrF+LTRoOXmrOgFKDg4BCdsjW8EnT69eqdYGmRpJwiPVYNrCaW3g=="
    },
    "es-errors@1.3.0": {
      "integrity": "sha512-Zf5H2Kxt2xjTvbJvP2ZWLEICxA6j+hAmMzIlypy4xcBg1vKVnx89Wy0GbS+kf5cwCVFFzdCFh2XSCFNULS6csw=="
    },
    "es-object-atoms@1.1.1": {
      "integrity": "sha512-FGgH2h8zKNim9ljj7dankFPcICIK9Cp5bm+c2gQSYePhpaG5+esrLODihIorn+Pe6FGJzWhXQotPv73jTaldXA==",
      "dependencies": [
        "es-errors"
      ]
    },
    "es-set-tostringtag@2.1.0": {
      "integrity": "sha512-j6vWzfrGVfyXxge+O0x5sh6cvxAog0a/4Rdd2K36zCMV5eJ+/+tOAngRO8cODMNWbVRdVlmGZQL2YS3yR8bIUA==",
      "dependencies": [
        "es-errors",
        "get-intrinsic",
        "has-tostringtag",
        "hasown"
      ]
    },
    "event-target-shim@5.0.1": {
      "integrity": "sha512-i/2XbnSz/uxRCU6+NdVJgKWDTM427+MqYbkQzD321DuCQJUqOuJKIA0IM2+W2xtYHdKOmZ4dR6fExsd4SXL+WQ=="
    },
    "form-data-encoder@1.7.2": {
      "integrity": "sha512-qfqtYan3rxrnCk1VYaA4H+Ms9xdpPqvLZa6xmMgFvhO32x7/3J/ExcTd6qpxM0vH2GdMI+poehyBZvqfMTto8A=="
    },
    "form-data@4.0.2": {
      "integrity": "sha512-hGfm/slu0ZabnNt4oaRZ6uREyfCj6P4fT/n6A1rGV+Z0VdGXjfOhVUpkn6qVQONHGIFwmveGXyDs75+nr6FM8w==",
      "dependencies": [
        "asynckit",
        "combined-stream",
        "es-set-tostringtag",
        "mime-types"
      ]
    },
    "formdata-node@4.4.1": {
      "integrity": "sha512-0iirZp3uVDjVGt9p49aTaqjk84TrglENEDuqfdlZQ1roC9CWlPk6Avf8EEnZNcAqPonwkG35x4n3ww/1THYAeQ==",
      "dependencies": [
        "node-domexception",
        "web-streams-polyfill"
      ]
    },
    "function-bind@1.1.2": {
      "integrity": "sha512-7XHNxH7qX9xG5mIwxkhumTox/MIRNcOgDrxWsMt2pAr23WHp6MrRlN7FBSFpCpr+oVO0F744iUgR82nJMfG2SA=="
    },
    "get-intrinsic@1.2.7": {
      "integrity": "sha512-VW6Pxhsrk0KAOqs3WEd0klDiF/+V7gQOpAvY1jVU/LHmaD/kQO4523aiJuikX/QAKYiW6x8Jh+RJej1almdtCA==",
      "dependencies": [
        "call-bind-apply-helpers",
        "es-define-property",
        "es-errors",
        "es-object-atoms",
        "function-bind",
        "get-proto",
        "gopd",
        "has-symbols",
        "hasown",
        "math-intrinsics"
      ]
    },
    "get-proto@1.0.1": {
      "integrity": "sha512-sTSfBjoXBp89JvIKIefqw7U2CCebsc74kiY6awiGogKtoSGbgjYE/G/+l9sF3MWFPNc9IcoOC4ODfKHfxFmp0g==",
      "dependencies": [
        "dunder-proto",
        "es-object-atoms"
      ]
    },
    "gopd@1.2.0": {
      "integrity": "sha512-ZUKRh6/kUFoAiTAtTYPZJ3hw9wNxx+BIBOijnlG9PnrJsCcSjs1wyyD6vJpaYtgnzDrKYRSqf3OO6Rfa93xsRg=="
    },
    "has-symbols@1.1.0": {
      "integrity": "sha512-1cDNdwJ2Jaohmb3sg4OmKaMBwuC48sYni5HUw2DvsC8LjGTLK9h+eb1X6RyuOHe4hT0ULCW68iomhjUoKUqlPQ=="
    },
    "has-tostringtag@1.0.2": {
      "integrity": "sha512-NqADB8VjPFLM2V0VvHUewwwsw0ZWBaIdgo+ieHtK3hasLz4qeCRjYcqfB6AQrBggRKppKF8L52/VqdVsO47Dlw==",
      "dependencies": [
        "has-symbols"
      ]
    },
    "hasown@2.0.2": {
      "integrity": "sha512-0hJU9SCPvmMzIBdZFqNPXWa6dqh7WdH0cII9y+CyS8rG3nL48Bclra9HmKhVVUHyPWNH5Y7xDwAB7bfgSjkUMQ==",
      "dependencies": [
        "function-bind"
      ]
    },
    "humanize-ms@1.2.1": {
      "integrity": "sha512-Fl70vYtsAFb/C06PTS9dZBo7ihau+Tu/DNCk/OyHhea07S+aeMWpFFkUaXRa8fI+ScZbEI8dfSxwY7gxZ9SAVQ==",
      "dependencies": [
        "ms"
      ]
    },
    "math-intrinsics@1.1.0": {
      "integrity": "sha512-/IXtbwEk5HTPyEwyKX6hGkYXxM9nbj64B+ilVJnC/R6B0pH5G4V3b0pVbL7DBj4tkhBAppbQUlf6F6Xl9LHu1g=="
    },
    "mime-db@1.52.0": {
      "integrity": "sha512-sPU4uV7dYlvtWJxwwxHD0PuihVNiE7TyAbQ5SWxDCB9mUYvOgroQOwYQQOKPJ8CIbE+1ETVlOoK1UC2nU3gYvg=="
    },
    "mime-types@2.1.35": {
      "integrity": "sha512-ZDY+bPm5zTTF+YpCrAU9nK0UgICYPT0QtT1NZWFv4s++TNkcgVaT0g6+4R2uI4MjQjzysHB1zxuWL50hzaeXiw==",
      "dependencies": [
        "mime-db"
      ]
    },
    "ms@2.1.3": {
      "integrity": "sha512-6FlzubTLZG3J2a/NVCAleEhjzq5oxgHyaCU9yYXvcLsvoVaHJq/s5xXI6/XXP6tz7R9xAOtHnSO/tXtF3WRTlA=="
    },
    "node-domexception@1.0.0": {
      "integrity": "sha512-/jKZoMpw0F8GRwl4/eLROPA3cfcXtLApP0QzLmUT/HuPCZWyB7IY9ZrMeKw2O/nFIqPQB3PVM9aYm0F312AXDQ=="
    },
    "node-fetch@2.7.0": {
      "integrity": "sha512-c4FRfUm/dbcWZ7U+1Wq0AwCyFL+3nt2bEw05wfxSz+DWpWsitgmSgYmy2dQdWyKC1694ELPqMs/YzUSNozLt8A==",
      "dependencies": [
        "whatwg-url"
      ]
    },
    "tr46@0.0.3": {
      "integrity": "sha512-N3WMsuqV66lT30CrXNbEjx4GEwlow3v6rr4mCcv6prnfwhS01rkgyFdjPNBYd9br7LpXV1+Emh01fHnq2Gdgrw=="
    },
    "undici-types@5.26.5": {
      "integrity": "sha512-JlCMO+ehdEIKqlFxk6IfVoAUVmgz7cU7zD/h9XZ0qzeosSHmUJVOzSQvvYSYWXkFXC+IfLKSIffhv0sVZup6pA=="
    },
    "undici-types@6.19.8": {
      "integrity": "sha512-ve2KP6f/JnbPBFyobGHuerC9g1FYGn/F8n1LWTwNxCEzd6IfqTwUQcNXgEtmmQ6DlRrC1hrSrBnCZPokRrDHjw=="
    },
    "web-streams-polyfill@4.0.0-beta.3": {
      "integrity": "sha512-QW95TCTaHmsYfHDybGMwO5IJIM93I/6vTRk+daHTWFPhwh+C8Cg7j7XyKrwrj8Ib6vYXe0ocYNrmzY4xAAN6ug=="
    },
    "webidl-conversions@3.0.1": {
      "integrity": "sha512-2JAn3z8AR6rjK8Sm8orRC0h/bcl/DqL7tRPdGZ4I1CjdF+EaMLmYxBHyXuKL849eucPFhvBoxMsflfOb8kxaeQ=="
    },
    "whatwg-url@5.0.0": {
      "integrity": "sha512-saE57nupxk6v3HY35+jzBwYa0rKSy0XR8JSxZPwgLr7ys0IBzhGviA1/TUGJLmSVqs8pb9AnvICXEuOHLprYTw==",
      "dependencies": [
        "tr46",
        "webidl-conversions"
      ]
    }
  },
  "redirects": {
    "https://esm.sh/@types/papaparse@~5.3.15/index.d.ts": "https://esm.sh/@types/papaparse@5.3.15/index.d.ts",
    "https://esm.sh/yocto-queue@^1.1.1?target=denonext": "https://esm.sh/yocto-queue@1.1.1?target=denonext"
  },
  "remote": {
    "https://deno.land/std@0.224.0/assert/assert.ts": "09d30564c09de846855b7b071e62b5974b001bb72a4b797958fe0660e7849834",
    "https://deno.land/std@0.224.0/assert/assertion_error.ts": "ba8752bd27ebc51f723702fac2f54d3e94447598f54264a6653d6413738a8917",
    "https://deno.land/std@0.224.0/fs/_create_walk_entry.ts": "5d9d2aaec05bcf09a06748b1684224d33eba7a4de24cf4cf5599991ca6b5b412",
    "https://deno.land/std@0.224.0/fs/_get_file_info_type.ts": "da7bec18a7661dba360a1db475b826b18977582ce6fc9b25f3d4ee0403fe8cbd",
    "https://deno.land/std@0.224.0/fs/_is_same_path.ts": "709c95868345fea051c58b9e96af95cff94e6ae98dfcff2b66dee0c212c4221f",
    "https://deno.land/std@0.224.0/fs/_is_subdir.ts": "c68b309d46cc8568ed83c000f608a61bbdba0943b7524e7a30f9e450cf67eecd",
    "https://deno.land/std@0.224.0/fs/_to_path_string.ts": "29bfc9c6c112254961d75cbf6ba814d6de5349767818eb93090cecfa9665591e",
    "https://deno.land/std@0.224.0/fs/copy.ts": "7ab12a16adb65d155d4943c88081ca16ce3b0b5acada64c1ce93800653678039",
    "https://deno.land/std@0.224.0/fs/empty_dir.ts": "e400e96e1d2c8c558a5a1712063bd43939e00619c1d1cc29959babc6f1639418",
    "https://deno.land/std@0.224.0/fs/ensure_dir.ts": "51a6279016c65d2985f8803c848e2888e206d1b510686a509fa7cc34ce59d29f",
    "https://deno.land/std@0.224.0/fs/ensure_file.ts": "67608cf550529f3d4aa1f8b6b36bf817bdc40b14487bf8f60e61cbf68f507cf3",
    "https://deno.land/std@0.224.0/fs/ensure_link.ts": "5c98503ebfa9cc05e2f2efaa30e91e60b4dd5b43ebbda82f435c0a5c6e3ffa01",
    "https://deno.land/std@0.224.0/fs/ensure_symlink.ts": "cafe904cebacb9a761977d6dbf5e3af938be946a723bb394080b9a52714fafe4",
    "https://deno.land/std@0.224.0/fs/eol.ts": "18c4ac009d0318504c285879eb7f47942643f13619e0ff070a0edc59353306bd",
    "https://deno.land/std@0.224.0/fs/exists.ts": "3d38cb7dcbca3cf313be343a7b8af18a87bddb4b5ca1bd2314be12d06533b50f",
    "https://deno.land/std@0.224.0/fs/expand_glob.ts": "2e428d90acc6676b2aa7b5c78ef48f30641b13f1fe658e7976c9064fb4b05309",
    "https://deno.land/std@0.224.0/fs/mod.ts": "c25e6802cbf27f3050f60b26b00c2d8dba1cb7fcdafe34c66006a7473b7b34d4",
    "https://deno.land/std@0.224.0/fs/move.ts": "ca205d848908d7f217353bc5c623627b1333490b8b5d3ef4cab600a700c9bd8f",
    "https://deno.land/std@0.224.0/fs/walk.ts": "cddf87d2705c0163bff5d7767291f05b0f46ba10b8b28f227c3849cace08d303",
    "https://deno.land/std@0.224.0/path/_common/assert_path.ts": "dbdd757a465b690b2cc72fc5fb7698c51507dec6bfafce4ca500c46b76ff7bd8",
    "https://deno.land/std@0.224.0/path/_common/basename.ts": "569744855bc8445f3a56087fd2aed56bdad39da971a8d92b138c9913aecc5fa2",
    "https://deno.land/std@0.224.0/path/_common/constants.ts": "dc5f8057159f4b48cd304eb3027e42f1148cf4df1fb4240774d3492b5d12ac0c",
    "https://deno.land/std@0.224.0/path/_common/dirname.ts": "684df4aa71a04bbcc346c692c8485594fc8a90b9408dfbc26ff32cf3e0c98cc8",
    "https://deno.land/std@0.224.0/path/_common/from_file_url.ts": "d672bdeebc11bf80e99bf266f886c70963107bdd31134c4e249eef51133ceccf",
    "https://deno.land/std@0.224.0/path/_common/glob_to_reg_exp.ts": "6cac16d5c2dc23af7d66348a7ce430e5de4e70b0eede074bdbcf4903f4374d8d",
    "https://deno.land/std@0.224.0/path/_common/normalize.ts": "684df4aa71a04bbcc346c692c8485594fc8a90b9408dfbc26ff32cf3e0c98cc8",
    "https://deno.land/std@0.224.0/path/_common/normalize_string.ts": "33edef773c2a8e242761f731adeb2bd6d683e9c69e4e3d0092985bede74f4ac3",
    "https://deno.land/std@0.224.0/path/_common/strip_trailing_separators.ts": "7024a93447efcdcfeaa9339a98fa63ef9d53de363f1fbe9858970f1bba02655a",
    "https://deno.land/std@0.224.0/path/_os.ts": "8fb9b90fb6b753bd8c77cfd8a33c2ff6c5f5bc185f50de8ca4ac6a05710b2c15",
    "https://deno.land/std@0.224.0/path/basename.ts": "7ee495c2d1ee516ffff48fb9a93267ba928b5a3486b550be73071bc14f8cc63e",
    "https://deno.land/std@0.224.0/path/constants.ts": "0c206169ca104938ede9da48ac952de288f23343304a1c3cb6ec7625e7325f36",
    "https://deno.land/std@0.224.0/path/dirname.ts": "85bd955bf31d62c9aafdd7ff561c4b5fb587d11a9a5a45e2b01aedffa4238a7c",
    "https://deno.land/std@0.224.0/path/from_file_url.ts": "911833ae4fd10a1c84f6271f36151ab785955849117dc48c6e43b929504ee069",
    "https://deno.land/std@0.224.0/path/glob_to_regexp.ts": "7f30f0a21439cadfdae1be1bf370880b415e676097fda584a63ce319053b5972",
    "https://deno.land/std@0.224.0/path/is_absolute.ts": "4791afc8bfd0c87f0526eaa616b0d16e7b3ab6a65b62942e50eac68de4ef67d7",
    "https://deno.land/std@0.224.0/path/is_glob.ts": "a65f6195d3058c3050ab905705891b412ff942a292bcbaa1a807a74439a14141",
    "https://deno.land/std@0.224.0/path/join.ts": "ae2ec5ca44c7e84a235fd532e4a0116bfb1f2368b394db1c4fb75e3c0f26a33a",
    "https://deno.land/std@0.224.0/path/join_globs.ts": "5b3bf248b93247194f94fa6947b612ab9d3abd571ca8386cf7789038545e54a0",
    "https://deno.land/std@0.224.0/path/normalize.ts": "4155743ccceeed319b350c1e62e931600272fad8ad00c417b91df093867a8352",
    "https://deno.land/std@0.224.0/path/posix/_util.ts": "1e3937da30f080bfc99fe45d7ed23c47dd8585c5e473b2d771380d3a6937cf9d",
    "https://deno.land/std@0.224.0/path/posix/basename.ts": "d2fa5fbbb1c5a3ab8b9326458a8d4ceac77580961b3739cd5bfd1d3541a3e5f0",
    "https://deno.land/std@0.224.0/path/posix/constants.ts": "93481efb98cdffa4c719c22a0182b994e5a6aed3047e1962f6c2c75b7592bef1",
    "https://deno.land/std@0.224.0/path/posix/dirname.ts": "76cd348ffe92345711409f88d4d8561d8645353ac215c8e9c80140069bf42f00",
    "https://deno.land/std@0.224.0/path/posix/from_file_url.ts": "951aee3a2c46fd0ed488899d024c6352b59154c70552e90885ed0c2ab699bc40",
    "https://deno.land/std@0.224.0/path/posix/glob_to_regexp.ts": "76f012fcdb22c04b633f536c0b9644d100861bea36e9da56a94b9c589a742e8f",
    "https://deno.land/std@0.224.0/path/posix/is_absolute.ts": "cebe561ad0ae294f0ce0365a1879dcfca8abd872821519b4fcc8d8967f888ede",
    "https://deno.land/std@0.224.0/path/posix/join.ts": "7fc2cb3716aa1b863e990baf30b101d768db479e70b7313b4866a088db016f63",
    "https://deno.land/std@0.224.0/path/posix/join_globs.ts": "a9475b44645feddceb484ee0498e456f4add112e181cb94042cdc6d47d1cdd25",
    "https://deno.land/std@0.224.0/path/posix/normalize.ts": "baeb49816a8299f90a0237d214cef46f00ba3e95c0d2ceb74205a6a584b58a91",
    "https://deno.land/std@0.224.0/path/posix/normalize_glob.ts": "9c87a829b6c0f445d03b3ecadc14492e2864c3ebb966f4cea41e98326e4435c6",
    "https://deno.land/std@0.224.0/path/posix/resolve.ts": "08b699cfeee10cb6857ccab38fa4b2ec703b0ea33e8e69964f29d02a2d5257cf",
    "https://deno.land/std@0.224.0/path/resolve.ts": "a6f977bdb4272e79d8d0ed4333e3d71367cc3926acf15ac271f1d059c8494d8d",
    "https://deno.land/std@0.224.0/path/windows/_util.ts": "d5f47363e5293fced22c984550d5e70e98e266cc3f31769e1710511803d04808",
    "https://deno.land/std@0.224.0/path/windows/basename.ts": "6bbc57bac9df2cec43288c8c5334919418d784243a00bc10de67d392ab36d660",
    "https://deno.land/std@0.224.0/path/windows/constants.ts": "5afaac0a1f67b68b0a380a4ef391bf59feb55856aa8c60dfc01bd3b6abb813f5",
    "https://deno.land/std@0.224.0/path/windows/dirname.ts": "33e421be5a5558a1346a48e74c330b8e560be7424ed7684ea03c12c21b627bc9",
    "https://deno.land/std@0.224.0/path/windows/from_file_url.ts": "ced2d587b6dff18f963f269d745c4a599cf82b0c4007356bd957cb4cb52efc01",
    "https://deno.land/std@0.224.0/path/windows/glob_to_regexp.ts": "e45f1f89bf3fc36f94ab7b3b9d0026729829fabc486c77f414caebef3b7304f8",
    "https://deno.land/std@0.224.0/path/windows/is_absolute.ts": "4a8f6853f8598cf91a835f41abed42112cebab09478b072e4beb00ec81f8ca8a",
    "https://deno.land/std@0.224.0/path/windows/join.ts": "8d03530ab89195185103b7da9dfc6327af13eabdcd44c7c63e42e27808f50ecf",
    "https://deno.land/std@0.224.0/path/windows/join_globs.ts": "a9475b44645feddceb484ee0498e456f4add112e181cb94042cdc6d47d1cdd25",
    "https://deno.land/std@0.224.0/path/windows/normalize.ts": "78126170ab917f0ca355a9af9e65ad6bfa5be14d574c5fb09bb1920f52577780",
    "https://deno.land/std@0.224.0/path/windows/normalize_glob.ts": "9c87a829b6c0f445d03b3ecadc14492e2864c3ebb966f4cea41e98326e4435c6",
    "https://deno.land/std@0.224.0/path/windows/resolve.ts": "8dae1dadfed9d46ff46cc337c9525c0c7d959fb400a6308f34595c45bdca1972",
    "https://esm.sh/@anthropic-ai/sdk@0.36.3": "63f8aeccb2c3f867d989e6133858f9a0a252e0c13d89480af1402cc1d049c669",
    "https://esm.sh/@anthropic-ai/sdk@0.36.3/denonext/_shims/MultipartBody.mjs": "2ddda4c18560ef51fb0d8b45b955d3978f9ab194896eb374d6501ca2fa42240e",
    "https://esm.sh/@anthropic-ai/sdk@0.36.3/denonext/_shims/auto/runtime.mjs": "8b6a15efbec632d7e3d1bf768afe0f3bfd1285411b6e66586c8b24d96a067a6c",
    "https://esm.sh/@anthropic-ai/sdk@0.36.3/denonext/_shims/index.mjs": "3c3a85178f84acbccab0096690f8635385640f652a8f751a30a07d9333f59a36",
    "https://esm.sh/@anthropic-ai/sdk@0.36.3/denonext/_shims/registry.mjs": "102cd35d4bd5792fa9f4ea1db92b9cedd6a57e0cf12fc4264a2282ea860fa882",
    "https://esm.sh/@anthropic-ai/sdk@0.36.3/denonext/_shims/web-runtime.mjs": "b1df197e9958c2bd82920d69af1179111db4621046224ae4c3e9d717c57d81f6",
    "https://esm.sh/@anthropic-ai/sdk@0.36.3/denonext/_vendor/partial-json-parser/parser.mjs": "2f03781c831848a15e8abc3194e94b0d80a66f991917d287380dc35badd19ce8",
    "https://esm.sh/@anthropic-ai/sdk@0.36.3/denonext/core.mjs": "5f52a5e4bddb3cd339d2780c53f23e76e6d36603fbf8ca6e6b6b4055a99980fb",
    "https://esm.sh/@anthropic-ai/sdk@0.36.3/denonext/error.mjs": "2dd65f871a1e4484e8e59bb16b1a4cbccbe354b672d2909dab0b0cadad04bf7f",
    "https://esm.sh/@anthropic-ai/sdk@0.36.3/denonext/internal/decoders/jsonl.mjs": "a2ba3d485d6c8bfee89ebc08bc561680cd3ecb5d454a6b278af9dab6de732bb7",
    "https://esm.sh/@anthropic-ai/sdk@0.36.3/denonext/internal/decoders/line.mjs": "c282266855e2a82bc6f093dee446c81f8659b827856d9c7f1c0639b9de44b7ef",
    "https://esm.sh/@anthropic-ai/sdk@0.36.3/denonext/internal/stream-utils.mjs": "f9c3c2a88563ec84a9a7897fda6ab622b9280db0155ec6b742dbba41b79a30ae",
    "https://esm.sh/@anthropic-ai/sdk@0.36.3/denonext/lib/BetaMessageStream.mjs": "410430921753c2da0a6badb949318f6227f86892430e4acbc6055e97a31a3c95",
    "https://esm.sh/@anthropic-ai/sdk@0.36.3/denonext/lib/MessageStream.mjs": "0d92fa991019bcb175792404dbada709eaa0920246ad03e70a0bec8ea235ec6e",
    "https://esm.sh/@anthropic-ai/sdk@0.36.3/denonext/pagination.mjs": "cb951a0388eee7d3d1aa639398708d78c8951b7009d096f7ea024d6739cbffc4",
    "https://esm.sh/@anthropic-ai/sdk@0.36.3/denonext/resource.mjs": "bc220a824047e46ae8a7ea809cc2c98aad657eeb20773b1ea1a985d3a3ec9e4a",
    "https://esm.sh/@anthropic-ai/sdk@0.36.3/denonext/resources/beta/beta.mjs": "e2054abdc2f443b9944a54ca17362a64268cae8fb3eb076c8e7b9b5a1ad2c6fd",
    "https://esm.sh/@anthropic-ai/sdk@0.36.3/denonext/resources/beta/messages/batches.mjs": "7df3911bd5b17a82b7941c8d32c343a04a343cc1267076c60c7a39996be3aa26",
    "https://esm.sh/@anthropic-ai/sdk@0.36.3/denonext/resources/beta/messages/messages.mjs": "481f33072dc4d712746c301e53e6eb9f9b3d007c72f524fe825f98ac7ea8cea4",
    "https://esm.sh/@anthropic-ai/sdk@0.36.3/denonext/resources/beta/models.mjs": "3a6425cd26d4d8dd4f6414572d93655a319767f42140c47a1efe9f36356e5d96",
    "https://esm.sh/@anthropic-ai/sdk@0.36.3/denonext/resources/completions.mjs": "04f9b8319f52754f63d9ea7c4508e4f92ae294abbb37fb6b0afd4b684a0e4dda",
    "https://esm.sh/@anthropic-ai/sdk@0.36.3/denonext/resources/index.mjs": "828bc7720e00b8042fc20fb6d37dc26d3d7d26f3e0ffdfc25e3e9e125ada9475",
    "https://esm.sh/@anthropic-ai/sdk@0.36.3/denonext/resources/messages/batches.mjs": "68628ba6ee4bee6bd9e12e5eefadf5d49f09aa5616c53c2abafededa1854cfc8",
    "https://esm.sh/@anthropic-ai/sdk@0.36.3/denonext/resources/messages/messages.mjs": "7a1d126f67870461586a5064ed266049c71b77a5d2331686be9f70432d238442",
    "https://esm.sh/@anthropic-ai/sdk@0.36.3/denonext/resources/models.mjs": "060e2798c77d6be19ed1a33deab5fe043989ba7ee32b0947820cabbd590785b9",
    "https://esm.sh/@anthropic-ai/sdk@0.36.3/denonext/resources/shared.mjs": "ea70fbbf52dc81958a0576b23e52f5f9e3f56a7c7e891e250b3f43cd3ab3b279",
    "https://esm.sh/@anthropic-ai/sdk@0.36.3/denonext/sdk.mjs": "1401255bae5b47ee9387cfdb3151a16777809c6b2db0167eb49596dae0203878",
    "https://esm.sh/@anthropic-ai/sdk@0.36.3/denonext/streaming.mjs": "d3df3d855f87ed25d7c3ee4584d37c0bc5d945ed2f34008ef0ff8caf023b511b",
    "https://esm.sh/@anthropic-ai/sdk@0.36.3/denonext/uploads.mjs": "b3b8dc0dcb06030ab46ef40116149fc34150c668c89f5838b304cb7ff7b55666",
    "https://esm.sh/@anthropic-ai/sdk@0.36.3/denonext/version.mjs": "104b8f5662f7da709509d955811b7be8804719b6def7b1ce2206362429197f7d",
    "https://esm.sh/@anthropic-ai/sdk@0.36.3/resources/index.js": "335537e6aa3c47b04e97554bde19c4c4b0f69c282e6e10df6d1952b90cb451ff",
    "https://esm.sh/openai@4.26.0": "dd5886aef25ffb3367017ebea5a4a736b109baeab0f7b5dc5e5fe025799ff0e0",
    "https://esm.sh/openai@4.26.0/denonext/_shims/MultipartBody.mjs": "16b4ad2497c28192cb2b51bc5fe1ee252dd53afb6b72a6e8bd6dd6205ec6ba1a",
    "https://esm.sh/openai@4.26.0/denonext/_shims/auto/runtime.mjs": "e85b9408ddb48480232adce0d4448091c167342adea14b8fc294e84f399beabe",
    "https://esm.sh/openai@4.26.0/denonext/_shims/index.mjs": "f1ff526fe5fa42586b4c4e8b6eefcc2abfc3aac2b691d1b08f89d20b5ff84629",
    "https://esm.sh/openai@4.26.0/denonext/_shims/registry.mjs": "782e8fabb91f0f5981605bd3dacdceb93505f9e0972220199deed191e7221127",
    "https://esm.sh/openai@4.26.0/denonext/_shims/web-runtime.mjs": "cb33c4e26c34ccbf021dc9ce93f6c0b82e368440fc39e43fc6d605e40b184005",
    "https://esm.sh/openai@4.26.0/denonext/core.mjs": "1694dbc819b27f34501d71c2a38269e49f4097971c95315ea1abc479a456580a",
    "https://esm.sh/openai@4.26.0/denonext/error.mjs": "04923e22d9a172b40ec576a4a48873028a59a1ddf9c63bfafae0448939af805d",
    "https://esm.sh/openai@4.26.0/denonext/lib/AbstractChatCompletionRunner.mjs": "1155bc24addeb27bd3a28d53663465052c2013b4a891054172789453967a31e2",
    "https://esm.sh/openai@4.26.0/denonext/lib/ChatCompletionRunner.mjs": "481f74f9e132b458544554341aa319c53c0fd11407107c021ccdab48cc35dcff",
    "https://esm.sh/openai@4.26.0/denonext/lib/ChatCompletionStream.mjs": "81e472b8b86ee9c07a078c92689bd0daf074d8720c992ef882f6f6c6d9429da9",
    "https://esm.sh/openai@4.26.0/denonext/lib/ChatCompletionStreamingRunner.mjs": "a2608cfeea2e15a9e2b029b10d0c9c6af14c1e170319c73eac002804e74cb999",
    "https://esm.sh/openai@4.26.0/denonext/lib/RunnableFunction.mjs": "ec9095669f9d85102f7887a3e0d5241f78861d89453b8cea3cfea9c66e4fbea8",
    "https://esm.sh/openai@4.26.0/denonext/lib/chatCompletionUtils.mjs": "afd64fc95d8699b79e80dd93d3255c0001750c7859ac8cdb2107b414ba81de89",
    "https://esm.sh/openai@4.26.0/denonext/openai.mjs": "25d058b63d94aa1921ae1e130e219599bb8c76a8535d763d2bff3c9a27eab00a",
    "https://esm.sh/openai@4.26.0/denonext/pagination.mjs": "f9b7999702d77b0a5c0f7681c6ae91d4614291a30b6d71be34ceaf7bc6d0300e",
    "https://esm.sh/openai@4.26.0/denonext/resource.mjs": "1e7583f3692887424cf268b79d580c8d4b33ef2600c528b86572625f36127921",
    "https://esm.sh/openai@4.26.0/denonext/resources/audio/audio.mjs": "95657613d6518a08f071f8e8024e8049bc7eb091a21b02326a493f7f73fc4904",
    "https://esm.sh/openai@4.26.0/denonext/resources/audio/speech.mjs": "6e7a1ceccfbe3a6befc415f33d69e1092daafe789ec1711659da056c5c4e4b5d",
    "https://esm.sh/openai@4.26.0/denonext/resources/audio/transcriptions.mjs": "003d3fbf3473593bdd4626177597128d9928bde905059104e9586c91d4726b30",
    "https://esm.sh/openai@4.26.0/denonext/resources/audio/translations.mjs": "9ed3b3df48862c8cf334961dadee8b28c5654226d1cb0ab87ccacbfb5511e77a",
    "https://esm.sh/openai@4.26.0/denonext/resources/beta/assistants/assistants.mjs": "2442d42c0761b5ebaebef12ee8f40ca5a1a5397094ff6569cdaef1211d9a634e",
    "https://esm.sh/openai@4.26.0/denonext/resources/beta/assistants/files.mjs": "3523ad601dead162e2ab00e5e53706c1dd7618e0543e79bdd5afb5a31d2ba2cf",
    "https://esm.sh/openai@4.26.0/denonext/resources/beta/beta.mjs": "0cf17630f7d64a718bea905b28345f6e2c2f4945cad964d53d81500d5be18b37",
    "https://esm.sh/openai@4.26.0/denonext/resources/beta/chat/chat.mjs": "e18ed0696b016fc836264ece613590cefa22655e83e35010c990379f405a7877",
    "https://esm.sh/openai@4.26.0/denonext/resources/beta/chat/completions.mjs": "34c3f1e9aede63eb98e37d08be0aeb90dab92521888476d18575792488de836f",
    "https://esm.sh/openai@4.26.0/denonext/resources/beta/threads/messages/files.mjs": "4a387d7e9f379e7c243e9a07e1761f42393a813ac217f63670ede2f71ce629f2",
    "https://esm.sh/openai@4.26.0/denonext/resources/beta/threads/messages/messages.mjs": "e778f9770a915bfbf276022a611876a61f773b5d19768a73a7c30110d5d9e7dc",
    "https://esm.sh/openai@4.26.0/denonext/resources/beta/threads/runs/runs.mjs": "f46a0313fd3f8dd42ea50ebc30ea9603ad463068b6f02f1d4aca34704b9cf338",
    "https://esm.sh/openai@4.26.0/denonext/resources/beta/threads/runs/steps.mjs": "28f760915ed4d1d3f25ec0f6134acd9e65287ed066eac3fbfa2b983dde1215b8",
    "https://esm.sh/openai@4.26.0/denonext/resources/beta/threads/threads.mjs": "faded2db75e891a0e65a0e8ff8db2e7b24acf30894248cde1d206fc000794112",
    "https://esm.sh/openai@4.26.0/denonext/resources/chat/chat.mjs": "1433ab61811eede6104d76bbe3719260bad58fcd5acd252c8c0cc78e73ea79f8",
    "https://esm.sh/openai@4.26.0/denonext/resources/chat/completions.mjs": "dc12859e748be6aca85b1ba12c3c2862c6e30afeb6fd3ef886ce6633cb98183c",
    "https://esm.sh/openai@4.26.0/denonext/resources/chat/index.mjs": "30709a9b587f554b816697b92a700146d77642116e5cd3b2995d660159c199a2",
    "https://esm.sh/openai@4.26.0/denonext/resources/completions.mjs": "7a5dcb62212f64dd5cdea9b73a7ca707d8fe0e4947842ca8194d037a562f3efd",
    "https://esm.sh/openai@4.26.0/denonext/resources/embeddings.mjs": "01d9081ff2a6873de07140ac049db7ffa07ad1588f206eff579c06b91a5627d7",
    "https://esm.sh/openai@4.26.0/denonext/resources/files.mjs": "cd80733aaaa862d5418dca04062b2c27a4791f3470c0f8ead1304cda51c7a84c",
    "https://esm.sh/openai@4.26.0/denonext/resources/fine-tuning/fine-tuning.mjs": "f8749bc6dab2ab998504954e0bec17ee1e6979909942b1c2d540fee2833d28e0",
    "https://esm.sh/openai@4.26.0/denonext/resources/fine-tuning/jobs.mjs": "67cd71154bccf10bf9eddc8699915bd5cd7d32c19689f7389c90d966e76eee5a",
    "https://esm.sh/openai@4.26.0/denonext/resources/images.mjs": "77f28970b00ba282a9c968662e5b91be8fc68ac9631cdd11df98e51e355601bf",
    "https://esm.sh/openai@4.26.0/denonext/resources/index.mjs": "46d07768ca573f793225a913de11b98294315770549b63f9953b9777e7fe9d73",
    "https://esm.sh/openai@4.26.0/denonext/resources/models.mjs": "aa97941f40c7e5e2aefd81b973ef998314c9007d83f7f6d867c067931953a85c",
    "https://esm.sh/openai@4.26.0/denonext/resources/moderations.mjs": "e196af9d86e27b8b86f36335d61f29c5158cd0f474d170e959ed6319f5c26d4a",
    "https://esm.sh/openai@4.26.0/denonext/resources/shared.mjs": "abef3c007610f52c88ba8493a43a91f93089b491aac98563d06559568421d51d",
    "https://esm.sh/openai@4.26.0/denonext/streaming.mjs": "0a97769e13fb5214b4d2d992b89e39e037841bd0a05d2633bf2aeb1040e07dea",
    "https://esm.sh/openai@4.26.0/denonext/uploads.mjs": "ca693e6ed33a97288890603f8d9901a822564ed49d998d259b477a9127ae7534",
    "https://esm.sh/openai@4.26.0/denonext/version.mjs": "0796b8a1cd1696a96723f375403045efe4314697a9e23713004440c1d2a36fda",
    "https://esm.sh/p-limit@6.2.0": "59f60bb63e7c2d716cf58b6ae0b7c6d18ade183d98bbd63d7f74896cb82e6707",
    "https://esm.sh/p-limit@6.2.0/denonext/p-limit.mjs": "f5196babb3f7fa8bf51e83410c2fa70f610f3e8972bc4ea4ba9cf29d9cfd2f80",
    "https://esm.sh/papaparse@5.4.1": "219ba0c48cb54e9dff897b36f769042c63a965083bcde16e0a06e11fbd22c185",
    "https://esm.sh/papaparse@5.4.1/denonext/papaparse.mjs": "6fe398c5882dd70175d388f39e25200bf9e54395eeb5fa96dd6640ca8e1806ee",
    "https://esm.sh/yocto-queue@1.1.1/denonext/yocto-queue.mjs": "69c359a2415b22bac91f6a8b2008c7c1bdc79fef6e7bb143378ed882c13ba260",
    "https://esm.sh/yocto-queue@1.1.1?target=denonext": "e5db806b3c867fa9f0c73b6c2d7a3628c53c42b0d3d63929f40604bc99f94408"
  },
  "workspace": {
    "dependencies": [
      "npm:@anthropic-ai/sdk@*"
    ]
  }
}
